
Microsoft Visual Studio Solution File, Format Version 12.00
Project("{FAE04EC0-301F-11D3-BF4B-00C04F79EFBC}") = "Visitor", "Visitor.csproj", "{F81781BF-C8D1-42A3-9388-E9EF0D54671E}"
EndProject
Global
	GlobalSection(SolutionConfigurationPlatforms) = preSolution
		Debug|Any CPU = Debug|Any CPU
		Release|Any CPU = Release|Any CPU
	EndGlobalSection
	GlobalSection(ProjectConfigurationPlatforms) = postSolution
		{F81781BF-C8D1-42A3-9388-E9EF0D54671E}.Debug|Any CPU.ActiveCfg = Debug|Any CPU
		{F81781BF-C8D1-42A3-9388-E9EF0D54671E}.Debug|Any CPU.Build.0 = Debug|Any CPU
		{F81781BF-C8D1-42A3-9388-E9EF0D54671E}.Release|Any CPU.ActiveCfg = Release|Any CPU
		{F81781BF-C8D1-42A3-9388-E9EF0D54671E}.Release|Any CPU.Build.0 = Release|Any CPU
	EndGlobalSection
EndGlobal
